
Microsoft Visual Studio Solution File, Format Version 12.00
# Visual Studio 15
VisualStudioVersion = 15.0.27004.2002
MinimumVisualStudioVersion = 10.0.40219.1
Project("{8BC9CEB8-8B4A-11D0-8D11-00A0C91BC942}") = "lab21", "lab21\lab21.vcxproj", "{AEE7FA78-9E52-44A1-9002-9A7AF61A5357}"
EndProject
Global
	GlobalSection(SolutionConfigurationPlatforms) = preSolution
		Debug|x64 = Debug|x64
		Debug|x86 = Debug|x86
		Release|x64 = Release|x64
		Release|x86 = Release|x86
	EndGlobalSection
	GlobalSection(ProjectConfigurationPlatforms) = postSolution
		{AEE7FA78-9E52-44A1-9002-9A7AF61A5357}.Debug|x64.ActiveCfg = Debug|x64
		{AEE7FA78-9E52-44A1-9002-9A7AF61A5357}.Debug|x64.Build.0 = Debug|x64
		{AEE7FA78-9E52-44A1-9002-9A7AF61A5357}.Debug|x86.ActiveCfg = Debug|Win32
		{AEE7FA78-9E52-44A1-9002-9A7AF61A5357}.Debug|x86.Build.0 = Debug|Win32
		{AEE7FA78-9E52-44A1-9002-9A7AF61A5357}.Release|x64.ActiveCfg = Release|x64
		{AEE7FA78-9E52-44A1-9002-9A7AF61A5357}.Release|x64.Build.0 = Release|x64
		{AEE7FA78-9E52-44A1-9002-9A7AF61A5357}.Release|x86.ActiveCfg = Release|Win32
		{AEE7FA78-9E52-44A1-9002-9A7AF61A5357}.Release|x86.Build.0 = Release|Win32
	EndGlobalSection
	GlobalSection(SolutionProperties) = preSolution
		HideSolutionNode = FALSE
	EndGlobalSection
	GlobalSection(ExtensibilityGlobals) = postSolution
		SolutionGuid = {1ABF58C9-0AF6-42A1-8A64-1B96E3672366}
	EndGlobalSection
EndGlobal
